
Microsoft Visual Studio Solution File, Format Version 12.00
# Visual Studio 15
VisualStudioVersion = 15.0.27428.2005
MinimumVisualStudioVersion = 10.0.40219.1
Project("{FAE04EC0-301F-11D3-BF4B-00C04F79EFBC}") = "APIClient", "APIClient\APIClient.csproj", "{C9ED0C44-624A-4575-B675-660D202FC3CD}"
EndProject
Global
	GlobalSection(SolutionConfigurationPlatforms) = preSolution
		Debug|Any CPU = Debug|Any CPU
		Release|Any CPU = Release|Any CPU
	EndGlobalSection
	GlobalSection(ProjectConfigurationPlatforms) = postSolution
		{C9ED0C44-624A-4575-B675-660D202FC3CD}.Debug|Any CPU.ActiveCfg = Debug|Any CPU
		{C9ED0C44-624A-4575-B675-660D202FC3CD}.Debug|Any CPU.Build.0 = Debug|Any CPU
		{C9ED0C44-624A-4575-B675-660D202FC3CD}.Release|Any CPU.ActiveCfg = Release|Any CPU
		{C9ED0C44-624A-4575-B675-660D202FC3CD}.Release|Any CPU.Build.0 = Release|Any CPU
	EndGlobalSection
	GlobalSection(SolutionProperties) = preSolution
		HideSolutionNode = FALSE
	EndGlobalSection
	GlobalSection(ExtensibilityGlobals) = postSolution
		SolutionGuid = {F095CEAE-6771-4028-8334-10423F7D61E1}
	EndGlobalSection
EndGlobal
